
Microsoft Visual Studio Solution File, Format Version 12.00
# Visual Studio 15
VisualStudioVersion = 15.0.27703.2042
MinimumVisualStudioVersion = 10.0.40219.1
Project("{9A19103F-16F7-4668-BE54-9A1E7A4F7556}") = "IrriWeather.Irrigation", "IrriWeather.Irrigation\IrriWeather.Irrigation.csproj", "{51C44EA7-A665-4554-8311-51B7065F4C0C}"
EndProject
Project("{9A19103F-16F7-4668-BE54-9A1E7A4F7556}") = "IrriWeather.Weather", "IrriWeather.Weather\IrriWeather.Weather.csproj", "{0B53747B-07D0-4D24-8049-6D7EA59FEE49}"
EndProject
Project("{9A19103F-16F7-4668-BE54-9A1E7A4F7556}") = "IrriWeather.Web", "IrriWeather.Web\IrriWeather.Web.csproj", "{CCA6237B-904B-48DE-9FCC-815EABB771A6}"
EndProject
Project("{9A19103F-16F7-4668-BE54-9A1E7A4F7556}") = "IrriWeather.IO", "IrriWeather.IO\IrriWeather.IO.csproj", "{B58C0DDC-DD65-42C6-9636-3C68AABA452D}"
EndProject
Project("{FAE04EC0-301F-11D3-BF4B-00C04F79EFBC}") = "IrriWeather.Common", "IrriWeather.Common\IrriWeather.Common.csproj", "{D9625708-2C32-44BC-AB36-2C8CAE3CEC01}"
EndProject
Global
	GlobalSection(SolutionConfigurationPlatforms) = preSolution
		Debug|Any CPU = Debug|Any CPU
		Release|Any CPU = Release|Any CPU
	EndGlobalSection
	GlobalSection(ProjectConfigurationPlatforms) = postSolution
		{51C44EA7-A665-4554-8311-51B7065F4C0C}.Debug|Any CPU.ActiveCfg = Debug|Any CPU
		{51C44EA7-A665-4554-8311-51B7065F4C0C}.Debug|Any CPU.Build.0 = Debug|Any CPU
		{51C44EA7-A665-4554-8311-51B7065F4C0C}.Release|Any CPU.ActiveCfg = Release|Any CPU
		{51C44EA7-A665-4554-8311-51B7065F4C0C}.Release|Any CPU.Build.0 = Release|Any CPU
		{0B53747B-07D0-4D24-8049-6D7EA59FEE49}.Debug|Any CPU.ActiveCfg = Debug|Any CPU
		{0B53747B-07D0-4D24-8049-6D7EA59FEE49}.Debug|Any CPU.Build.0 = Debug|Any CPU
		{0B53747B-07D0-4D24-8049-6D7EA59FEE49}.Release|Any CPU.ActiveCfg = Release|Any CPU
		{0B53747B-07D0-4D24-8049-6D7EA59FEE49}.Release|Any CPU.Build.0 = Release|Any CPU
		{CCA6237B-904B-48DE-9FCC-815EABB771A6}.Debug|Any CPU.ActiveCfg = Debug|Any CPU
		{CCA6237B-904B-48DE-9FCC-815EABB771A6}.Debug|Any CPU.Build.0 = Debug|Any CPU
		{CCA6237B-904B-48DE-9FCC-815EABB771A6}.Release|Any CPU.ActiveCfg = Release|Any CPU
		{CCA6237B-904B-48DE-9FCC-815EABB771A6}.Release|Any CPU.Build.0 = Release|Any CPU
		{B58C0DDC-DD65-42C6-9636-3C68AABA452D}.Debug|Any CPU.ActiveCfg = Debug|Any CPU
		{B58C0DDC-DD65-42C6-9636-3C68AABA452D}.Debug|Any CPU.Build.0 = Debug|Any CPU
		{B58C0DDC-DD65-42C6-9636-3C68AABA452D}.Release|Any CPU.ActiveCfg = Release|Any CPU
		{B58C0DDC-DD65-42C6-9636-3C68AABA452D}.Release|Any CPU.Build.0 = Release|Any CPU
		{D9625708-2C32-44BC-AB36-2C8CAE3CEC01}.Debug|Any CPU.ActiveCfg = Debug|Any CPU
		{D9625708-2C32-44BC-AB36-2C8CAE3CEC01}.Debug|Any CPU.Build.0 = Debug|Any CPU
		{D9625708-2C32-44BC-AB36-2C8CAE3CEC01}.Release|Any CPU.ActiveCfg = Release|Any CPU
		{D9625708-2C32-44BC-AB36-2C8CAE3CEC01}.Release|Any CPU.Build.0 = Release|Any CPU
	EndGlobalSection
	GlobalSection(SolutionProperties) = preSolution
		HideSolutionNode = FALSE
	EndGlobalSection
	GlobalSection(ExtensibilityGlobals) = postSolution
		SolutionGuid = {50E77C2E-EA2F-4122-838E-D4B3C1F96E51}
	EndGlobalSection
EndGlobal
